
Microsoft Visual Studio Solution File, Format Version 12.00
# Visual Studio Version 17
VisualStudioVersion = 17.3.32825.248
MinimumVisualStudioVersion = 10.0.40219.1
Project("{2150E333-8FDC-42A3-9474-1A3956D46DE8}") = "assets", "assets", "{3AF739CD-81D8-428D-A08A-0A58372DEBF6}"
	ProjectSection(SolutionItems) = preProject
					.gitignore = .gitignore
		LICENSE = LICENSE
		README.md = README.md
		ReleaseNotes.txt = ReleaseNotes.txt
		GitVersion.yml = GitVersion.yml
	EndProjectSection
EndProject
Project("{FAE04EC0-301F-11D3-BF4B-00C04F79EFBC}") = "Cross.CQRS.EF", "Cross.CQRS.EF\Cross.CQRS.EF.csproj", "{C952E31D-7B0A-4E52-8076-6D4ED23AE96C}"
EndProject
Project("{FAE04EC0-301F-11D3-BF4B-00C04F79EFBC}") = "SampleWebApp", "SampleWebApp\SampleWebApp.csproj", "{B8BBE402-1E13-43EE-BD6E-6A2536E1A0BC}"
EndProject
Project("{2150E333-8FDC-42A3-9474-1A3956D46DE8}") = ".github", ".github", "{31BC37B3-BC68-43D5-A479-18482D74CAB3}"
EndProject
Project("{2150E333-8FDC-42A3-9474-1A3956D46DE8}") = "workflows", "workflows", "{8BC0D571-C10A-4195-B2F8-7888134A6232}"
	ProjectSection(SolutionItems) = preProject
		.github\workflows\dotnet.yml = .github\workflows\dotnet.yml
	EndProjectSection
EndProject
Project("{FAE04EC0-301F-11D3-BF4B-00C04F79EFBC}") = "Cross.CQRS.EF.Tests", "Cross.CQRS.EF.Tests\Cross.CQRS.EF.Tests.csproj", "{129A5837-9EF0-4FAC-9ADD-466CA66331B6}"
EndProject
Global
	GlobalSection(SolutionConfigurationPlatforms) = preSolution
		Debug|Any CPU = Debug|Any CPU
		Release|Any CPU = Release|Any CPU
	EndGlobalSection
	GlobalSection(ProjectConfigurationPlatforms) = postSolution
		{C952E31D-7B0A-4E52-8076-6D4ED23AE96C}.Debug|Any CPU.ActiveCfg = Debug|Any CPU
		{C952E31D-7B0A-4E52-8076-6D4ED23AE96C}.Debug|Any CPU.Build.0 = Debug|Any CPU
		{C952E31D-7B0A-4E52-8076-6D4ED23AE96C}.Release|Any CPU.ActiveCfg = Release|Any CPU
		{C952E31D-7B0A-4E52-8076-6D4ED23AE96C}.Release|Any CPU.Build.0 = Release|Any CPU
		{B8BBE402-1E13-43EE-BD6E-6A2536E1A0BC}.Debug|Any CPU.ActiveCfg = Debug|Any CPU
		{B8BBE402-1E13-43EE-BD6E-6A2536E1A0BC}.Debug|Any CPU.Build.0 = Debug|Any CPU
		{B8BBE402-1E13-43EE-BD6E-6A2536E1A0BC}.Release|Any CPU.ActiveCfg = Release|Any CPU
		{B8BBE402-1E13-43EE-BD6E-6A2536E1A0BC}.Release|Any CPU.Build.0 = Release|Any CPU
		{129A5837-9EF0-4FAC-9ADD-466CA66331B6}.Debug|Any CPU.ActiveCfg = Debug|Any CPU
		{129A5837-9EF0-4FAC-9ADD-466CA66331B6}.Debug|Any CPU.Build.0 = Debug|Any CPU
		{129A5837-9EF0-4FAC-9ADD-466CA66331B6}.Release|Any CPU.ActiveCfg = Release|Any CPU
		{129A5837-9EF0-4FAC-9ADD-466CA66331B6}.Release|Any CPU.Build.0 = Release|Any CPU
	EndGlobalSection
	GlobalSection(SolutionProperties) = preSolution
		HideSolutionNode = FALSE
	EndGlobalSection
	GlobalSection(NestedProjects) = preSolution
		{8BC0D571-C10A-4195-B2F8-7888134A6232} = {31BC37B3-BC68-43D5-A479-18482D74CAB3}
	EndGlobalSection
	GlobalSection(ExtensibilityGlobals) = postSolution
		SolutionGuid = {25728519-5F0F-4973-8A64-0A81EB4EA8D9}
	EndGlobalSection
EndGlobal
