<Solution>
  <Folder Name="/assets/">
    <File Path=".gitignore" />
    <File Path="GitVersion.yml" />
    <File Path="icon.png" />
    <File Path="icon.svg" />
    <File Path="LICENSE.md" />
    <File Path="README.md" />
    <File Path="ReleaseNotes.txt" />
  </Folder>
  <Project Path="Cross.CQRS.EF.Tests/Cross.CQRS.EF.Tests.csproj" />
  <Project Path="Cross.CQRS.EF/Cross.CQRS.EF.csproj" />
  <Project Path="SampleWebApp/SampleWebApp.csproj" />
</Solution>
